
Microsoft Visual Studio Solution File, Format Version 12.00
# Visual Studio 15
VisualStudioVersion = 15.0.28307.421
MinimumVisualStudioVersion = 10.0.40219.1
Project("{FAE04EC0-301F-11D3-BF4B-00C04F79EFBC}") = "CallCenterBO", "CallCenterBO\CallCenterBO.csproj", "{79AEBA3A-BE1D-4F1F-AF60-B7D2F0823FF5}"
EndProject
Global
	GlobalSection(SolutionConfigurationPlatforms) = preSolution
		Debug|Any CPU = Debug|Any CPU
		Release|Any CPU = Release|Any CPU
	EndGlobalSection
	GlobalSection(ProjectConfigurationPlatforms) = postSolution
		{79AEBA3A-BE1D-4F1F-AF60-B7D2F0823FF5}.Debug|Any CPU.ActiveCfg = Debug|Any CPU
		{79AEBA3A-BE1D-4F1F-AF60-B7D2F0823FF5}.Debug|Any CPU.Build.0 = Debug|Any CPU
		{79AEBA3A-BE1D-4F1F-AF60-B7D2F0823FF5}.Release|Any CPU.ActiveCfg = Release|Any CPU
		{79AEBA3A-BE1D-4F1F-AF60-B7D2F0823FF5}.Release|Any CPU.Build.0 = Release|Any CPU
	EndGlobalSection
	GlobalSection(SolutionProperties) = preSolution
		HideSolutionNode = FALSE
	EndGlobalSection
	GlobalSection(ExtensibilityGlobals) = postSolution
		SolutionGuid = {12CECA6D-F103-4F54-B6C2-6E2DF64E5233}
	EndGlobalSection
EndGlobal
